
Microsoft Visual Studio Solution File, Format Version 12.00
# Visual Studio Version 17
VisualStudioVersion = 17.14.36212.18 d17.14
MinimumVisualStudioVersion = 10.0.40219.1
Project("{FAE04EC0-301F-11D3-BF4B-00C04F79EFBC}") = "HideOpenLuggage", "HideOpenLuggage.csproj", "{73B56E4C-31A6-4478-9D5D-E558D4AE98C4}"
EndProject
Global
	GlobalSection(SolutionConfigurationPlatforms) = preSolution
		Debug|Any CPU = Debug|Any CPU
		Release|Any CPU = Release|Any CPU
	EndGlobalSection
	GlobalSection(ProjectConfigurationPlatforms) = postSolution
		{73B56E4C-31A6-4478-9D5D-E558D4AE98C4}.Debug|Any CPU.ActiveCfg = Debug|Any CPU
		{73B56E4C-31A6-4478-9D5D-E558D4AE98C4}.Debug|Any CPU.Build.0 = Debug|Any CPU
		{73B56E4C-31A6-4478-9D5D-E558D4AE98C4}.Release|Any CPU.ActiveCfg = Release|Any CPU
		{73B56E4C-31A6-4478-9D5D-E558D4AE98C4}.Release|Any CPU.Build.0 = Release|Any CPU
	EndGlobalSection
	GlobalSection(SolutionProperties) = preSolution
		HideSolutionNode = FALSE
	EndGlobalSection
	GlobalSection(ExtensibilityGlobals) = postSolution
		SolutionGuid = {85ADDDEF-87E4-4864-A085-7FC3AE04000D}
	EndGlobalSection
EndGlobal
